
Microsoft Visual Studio Solution File, Format Version 12.00
# Visual Studio Version 17
VisualStudioVersion = 17.7.34031.279
MinimumVisualStudioVersion = 10.0.40219.1
Project("{FAE04EC0-301F-11D3-BF4B-00C04F79EFBC}") = "lab1Ex2", "lab1Ex2\lab1Ex2.csproj", "{65C6EC5B-AA61-4199-9990-D5FB4F603109}"
EndProject
Global
	GlobalSection(SolutionConfigurationPlatforms) = preSolution
		Debug|Any CPU = Debug|Any CPU
		Release|Any CPU = Release|Any CPU
	EndGlobalSection
	GlobalSection(ProjectConfigurationPlatforms) = postSolution
		{65C6EC5B-AA61-4199-9990-D5FB4F603109}.Debug|Any CPU.ActiveCfg = Debug|Any CPU
		{65C6EC5B-AA61-4199-9990-D5FB4F603109}.Debug|Any CPU.Build.0 = Debug|Any CPU
		{65C6EC5B-AA61-4199-9990-D5FB4F603109}.Release|Any CPU.ActiveCfg = Release|Any CPU
		{65C6EC5B-AA61-4199-9990-D5FB4F603109}.Release|Any CPU.Build.0 = Release|Any CPU
	EndGlobalSection
	GlobalSection(SolutionProperties) = preSolution
		HideSolutionNode = FALSE
	EndGlobalSection
	GlobalSection(ExtensibilityGlobals) = postSolution
		SolutionGuid = {AA9901C7-4F62-45EB-A9F8-8696243CC60F}
	EndGlobalSection
EndGlobal
