
Microsoft Visual Studio Solution File, Format Version 12.00
# Visual Studio Version 17
VisualStudioVersion = 17.7.34221.43
MinimumVisualStudioVersion = 10.0.40219.1
Project("{FAE04EC0-301F-11D3-BF4B-00C04F79EFBC}") = "Lab14", "Lab14\Lab14.csproj", "{FB212AC4-7A0C-4F91-9E51-80D5CBF83960}"
EndProject
Global
	GlobalSection(SolutionConfigurationPlatforms) = preSolution
		Debug|Any CPU = Debug|Any CPU
		Release|Any CPU = Release|Any CPU
	EndGlobalSection
	GlobalSection(ProjectConfigurationPlatforms) = postSolution
		{FB212AC4-7A0C-4F91-9E51-80D5CBF83960}.Debug|Any CPU.ActiveCfg = Debug|Any CPU
		{FB212AC4-7A0C-4F91-9E51-80D5CBF83960}.Debug|Any CPU.Build.0 = Debug|Any CPU
		{FB212AC4-7A0C-4F91-9E51-80D5CBF83960}.Release|Any CPU.ActiveCfg = Release|Any CPU
		{FB212AC4-7A0C-4F91-9E51-80D5CBF83960}.Release|Any CPU.Build.0 = Release|Any CPU
	EndGlobalSection
	GlobalSection(SolutionProperties) = preSolution
		HideSolutionNode = FALSE
	EndGlobalSection
	GlobalSection(ExtensibilityGlobals) = postSolution
		SolutionGuid = {D18BFCD4-E5CA-46A4-9755-84EBF8C85466}
	EndGlobalSection
EndGlobal
